
Microsoft Visual Studio Solution File, Format Version 12.00
# Visual Studio Version 17
VisualStudioVersion = 17.10.34607.79
MinimumVisualStudioVersion = 10.0.40219.1
Project("{9A19103F-16F7-4668-BE54-9A1E7A4F7556}") = "StokTakip.EntitiesLayer", "StokTakip.EntitiesLayer\StokTakip.EntitiesLayer.csproj", "{169846A8-5269-4330-8AFD-4CC0688001F3}"
EndProject
Project("{9A19103F-16F7-4668-BE54-9A1E7A4F7556}") = "StokTakip.DataAccessLayer", "StokTakip.DataAccessLayer\StokTakip.DataAccessLayer.csproj", "{F3D7FE69-BAA1-47E4-8D02-94E49E3D32D8}"
EndProject
Project("{9A19103F-16F7-4668-BE54-9A1E7A4F7556}") = "StokTakip.BusinessLayer", "StokTakip.BusinessLayer\StokTakip.BusinessLayer.csproj", "{70C7EAFF-EE27-4F8E-82DD-9728F52BE498}"
EndProject
Project("{9A19103F-16F7-4668-BE54-9A1E7A4F7556}") = "StokTakip.WebAPI", "StokTakip.WebAPI\StokTakip.WebAPI.csproj", "{FCF64E48-F084-472C-AFDA-C446E3A586EC}"
EndProject
Project("{9A19103F-16F7-4668-BE54-9A1E7A4F7556}") = "Core", "Core\Core.csproj", "{00C61CCE-04A7-4D60-8DDB-365B71AC31E7}"
EndProject
Global
	GlobalSection(SolutionConfigurationPlatforms) = preSolution
		Debug|Any CPU = Debug|Any CPU
		Release|Any CPU = Release|Any CPU
	EndGlobalSection
	GlobalSection(ProjectConfigurationPlatforms) = postSolution
		{169846A8-5269-4330-8AFD-4CC0688001F3}.Debug|Any CPU.ActiveCfg = Debug|Any CPU
		{169846A8-5269-4330-8AFD-4CC0688001F3}.Debug|Any CPU.Build.0 = Debug|Any CPU
		{169846A8-5269-4330-8AFD-4CC0688001F3}.Release|Any CPU.ActiveCfg = Release|Any CPU
		{169846A8-5269-4330-8AFD-4CC0688001F3}.Release|Any CPU.Build.0 = Release|Any CPU
		{F3D7FE69-BAA1-47E4-8D02-94E49E3D32D8}.Debug|Any CPU.ActiveCfg = Debug|Any CPU
		{F3D7FE69-BAA1-47E4-8D02-94E49E3D32D8}.Debug|Any CPU.Build.0 = Debug|Any CPU
		{F3D7FE69-BAA1-47E4-8D02-94E49E3D32D8}.Release|Any CPU.ActiveCfg = Release|Any CPU
		{F3D7FE69-BAA1-47E4-8D02-94E49E3D32D8}.Release|Any CPU.Build.0 = Release|Any CPU
		{70C7EAFF-EE27-4F8E-82DD-9728F52BE498}.Debug|Any CPU.ActiveCfg = Debug|Any CPU
		{70C7EAFF-EE27-4F8E-82DD-9728F52BE498}.Debug|Any CPU.Build.0 = Debug|Any CPU
		{70C7EAFF-EE27-4F8E-82DD-9728F52BE498}.Release|Any CPU.ActiveCfg = Release|Any CPU
		{70C7EAFF-EE27-4F8E-82DD-9728F52BE498}.Release|Any CPU.Build.0 = Release|Any CPU
		{FCF64E48-F084-472C-AFDA-C446E3A586EC}.Debug|Any CPU.ActiveCfg = Debug|Any CPU
		{FCF64E48-F084-472C-AFDA-C446E3A586EC}.Debug|Any CPU.Build.0 = Debug|Any CPU
		{FCF64E48-F084-472C-AFDA-C446E3A586EC}.Release|Any CPU.ActiveCfg = Release|Any CPU
		{FCF64E48-F084-472C-AFDA-C446E3A586EC}.Release|Any CPU.Build.0 = Release|Any CPU
		{00C61CCE-04A7-4D60-8DDB-365B71AC31E7}.Debug|Any CPU.ActiveCfg = Debug|Any CPU
		{00C61CCE-04A7-4D60-8DDB-365B71AC31E7}.Debug|Any CPU.Build.0 = Debug|Any CPU
		{00C61CCE-04A7-4D60-8DDB-365B71AC31E7}.Release|Any CPU.ActiveCfg = Release|Any CPU
		{00C61CCE-04A7-4D60-8DDB-365B71AC31E7}.Release|Any CPU.Build.0 = Release|Any CPU
	EndGlobalSection
	GlobalSection(SolutionProperties) = preSolution
		HideSolutionNode = FALSE
	EndGlobalSection
	GlobalSection(ExtensibilityGlobals) = postSolution
		SolutionGuid = {2C02BD3B-EBCA-4716-A9C8-65EDEE70963E}
	EndGlobalSection
EndGlobal
